
Microsoft Visual Studio Solution File, Format Version 12.00
# Visual Studio Version 16
VisualStudioVersion = 16.0.30611.23
MinimumVisualStudioVersion = 10.0.40219.1
Project("{8BC9CEB8-8B4A-11D0-8D11-00A0C91BC942}") = "Project5.1", "Project5.1\Project5.1.vcxproj", "{389D5413-3F62-422A-91B3-65281F4EDEFA}"
EndProject
Global
	GlobalSection(SolutionConfigurationPlatforms) = preSolution
		Debug|x64 = Debug|x64
		Debug|x86 = Debug|x86
		Release|x64 = Release|x64
		Release|x86 = Release|x86
	EndGlobalSection
	GlobalSection(ProjectConfigurationPlatforms) = postSolution
		{389D5413-3F62-422A-91B3-65281F4EDEFA}.Debug|x64.ActiveCfg = Debug|x64
		{389D5413-3F62-422A-91B3-65281F4EDEFA}.Debug|x64.Build.0 = Debug|x64
		{389D5413-3F62-422A-91B3-65281F4EDEFA}.Debug|x86.ActiveCfg = Debug|Win32
		{389D5413-3F62-422A-91B3-65281F4EDEFA}.Debug|x86.Build.0 = Debug|Win32
		{389D5413-3F62-422A-91B3-65281F4EDEFA}.Release|x64.ActiveCfg = Release|x64
		{389D5413-3F62-422A-91B3-65281F4EDEFA}.Release|x64.Build.0 = Release|x64
		{389D5413-3F62-422A-91B3-65281F4EDEFA}.Release|x86.ActiveCfg = Release|Win32
		{389D5413-3F62-422A-91B3-65281F4EDEFA}.Release|x86.Build.0 = Release|Win32
	EndGlobalSection
	GlobalSection(SolutionProperties) = preSolution
		HideSolutionNode = FALSE
	EndGlobalSection
	GlobalSection(ExtensibilityGlobals) = postSolution
		SolutionGuid = {BC4DB671-1ABA-4B0F-AFC0-5D4498C10827}
	EndGlobalSection
EndGlobal
